
Microsoft Visual Studio Solution File, Format Version 12.00
# Visual Studio Version 17
VisualStudioVersion = 17.11.35312.102
MinimumVisualStudioVersion = 10.0.40219.1
Project("{FAE04EC0-301F-11D3-BF4B-00C04F79EFBC}") = "WpfApp1", "WpfApp1\WpfApp1.csproj", "{1477DC71-81B6-407A-B0BE-2D6A7A1E2782}"
EndProject
Global
	GlobalSection(SolutionConfigurationPlatforms) = preSolution
		Debug|Any CPU = Debug|Any CPU
		Release|Any CPU = Release|Any CPU
	EndGlobalSection
	GlobalSection(ProjectConfigurationPlatforms) = postSolution
		{1477DC71-81B6-407A-B0BE-2D6A7A1E2782}.Debug|Any CPU.ActiveCfg = Debug|Any CPU
		{1477DC71-81B6-407A-B0BE-2D6A7A1E2782}.Debug|Any CPU.Build.0 = Debug|Any CPU
		{1477DC71-81B6-407A-B0BE-2D6A7A1E2782}.Release|Any CPU.ActiveCfg = Release|Any CPU
		{1477DC71-81B6-407A-B0BE-2D6A7A1E2782}.Release|Any CPU.Build.0 = Release|Any CPU
	EndGlobalSection
	GlobalSection(SolutionProperties) = preSolution
		HideSolutionNode = FALSE
	EndGlobalSection
	GlobalSection(ExtensibilityGlobals) = postSolution
		SolutionGuid = {EFAE5EC3-6633-41A8-A59B-54C833CD32EE}
	EndGlobalSection
EndGlobal
